
Microsoft Visual Studio Solution File, Format Version 12.00
# Visual Studio 15
VisualStudioVersion = 15.0.27428.2027
MinimumVisualStudioVersion = 10.0.40219.1
Project("{FAE04EC0-301F-11D3-BF4B-00C04F79EFBC}") = "Ej3ByMe", "Ej3ByMe\Ej3ByMe.csproj", "{49529CAB-0EBF-4FF7-A9F3-7D289FBBDF36}"
EndProject
Global
	GlobalSection(SolutionConfigurationPlatforms) = preSolution
		Debug|Any CPU = Debug|Any CPU
		Release|Any CPU = Release|Any CPU
	EndGlobalSection
	GlobalSection(ProjectConfigurationPlatforms) = postSolution
		{49529CAB-0EBF-4FF7-A9F3-7D289FBBDF36}.Debug|Any CPU.ActiveCfg = Debug|Any CPU
		{49529CAB-0EBF-4FF7-A9F3-7D289FBBDF36}.Debug|Any CPU.Build.0 = Debug|Any CPU
		{49529CAB-0EBF-4FF7-A9F3-7D289FBBDF36}.Release|Any CPU.ActiveCfg = Release|Any CPU
		{49529CAB-0EBF-4FF7-A9F3-7D289FBBDF36}.Release|Any CPU.Build.0 = Release|Any CPU
	EndGlobalSection
	GlobalSection(SolutionProperties) = preSolution
		HideSolutionNode = FALSE
	EndGlobalSection
	GlobalSection(ExtensibilityGlobals) = postSolution
		SolutionGuid = {B7690098-D40D-4542-B853-51152ED2E43D}
	EndGlobalSection
EndGlobal
